// !$*UTF8*$!
{
	archiveVersion = 1;
	classes = {
	};
	objectVersion = 50;
	objects = {

/* Begin PBXBuildFile section */
		44192A61265C58DA00A2D7FB /* RequestToken.swift in Sources */ = {isa = PBXBuildFile; fileRef = 44192A60265C58DA00A2D7FB /* RequestToken.swift */; };
		44192A65265C596400A2D7FB /* LoadingError.swift in Sources */ = {isa = PBXBuildFile; fileRef = 44192A64265C596400A2D7FB /* LoadingError.swift */; };
		4443155F265C9EE000C99713 /* AcronymMeaningFinderViewController.swift in Sources */ = {isa = PBXBuildFile; fileRef = 4443155E265C9EE000C99713 /* AcronymMeaningFinderViewController.swift */; };
		44431563265C9F3300C99713 /* AcronymMeaningFinderViewModel.swift in Sources */ = {isa = PBXBuildFile; fileRef = 44431562265C9F3300C99713 /* AcronymMeaningFinderViewModel.swift */; };
		4443156B265C9FBB00C99713 /* ViewModel.swift in Sources */ = {isa = PBXBuildFile; fileRef = 4443156A265C9FBB00C99713 /* ViewModel.swift */; };
		44431571265CA26500C99713 /* ApiService.swift in Sources */ = {isa = PBXBuildFile; fileRef = 44431570265CA26500C99713 /* ApiService.swift */; };
		4443157A265CADDB00C99713 /* jsonTest.json in Resources */ = {isa = PBXBuildFile; fileRef = 44431579265CADDB00C99713 /* jsonTest.json */; };
		4443157E265CAF2900C99713 /* NetworkSessionMock.swift in Sources */ = {isa = PBXBuildFile; fileRef = 4443157D265CAF2900C99713 /* NetworkSessionMock.swift */; };
		44431581265CAF4E00C99713 /* ApiService.swift in Sources */ = {isa = PBXBuildFile; fileRef = 44431570265CA26500C99713 /* ApiService.swift */; };
		44431584265CB67200C99713 /* RequestToken.swift in Sources */ = {isa = PBXBuildFile; fileRef = 44192A60265C58DA00A2D7FB /* RequestToken.swift */; };
		44431587265CB67800C99713 /* Acromine.swift in Sources */ = {isa = PBXBuildFile; fileRef = 44D3814A265B526E005AB86B /* Acromine.swift */; };
		4443158A265CB68F00C99713 /* LoadingError.swift in Sources */ = {isa = PBXBuildFile; fileRef = 44192A64265C596400A2D7FB /* LoadingError.swift */; };
		44D3810A265B4BB6005AB86B /* AppDelegate.swift in Sources */ = {isa = PBXBuildFile; fileRef = 44D38109265B4BB6005AB86B /* AppDelegate.swift */; };
		44D38113265B4BB9005AB86B /* Assets.xcassets in Resources */ = {isa = PBXBuildFile; fileRef = 44D38112265B4BB9005AB86B /* Assets.xcassets */; };
		44D38116265B4BB9005AB86B /* LaunchScreen.storyboard in Resources */ = {isa = PBXBuildFile; fileRef = 44D38114265B4BB9005AB86B /* LaunchScreen.storyboard */; };
		44D38121265B4BB9005AB86B /* AcronymsTests.swift in Sources */ = {isa = PBXBuildFile; fileRef = 44D38120265B4BB9005AB86B /* AcronymsTests.swift */; };
		44D3814B265B526E005AB86B /* Acromine.swift in Sources */ = {isa = PBXBuildFile; fileRef = 44D3814A265B526E005AB86B /* Acromine.swift */; };
/* End PBXBuildFile section */

/* Begin PBXContainerItemProxy section */
		44D3811D265B4BB9005AB86B /* PBXContainerItemProxy */ = {
			isa = PBXContainerItemProxy;
			containerPortal = 44D380FE265B4BB5005AB86B /* Project object */;
			proxyType = 1;
			remoteGlobalIDString = 44D38105265B4BB5005AB86B;
			remoteInfo = Acronyms;
		};
/* End PBXContainerItemProxy section */

/* Begin PBXFileReference section */
		44192A60265C58DA00A2D7FB /* RequestToken.swift */ = {isa = PBXFileReference; lastKnownFileType = sourcecode.swift; path = RequestToken.swift; sourceTree = "<group>"; };
		44192A64265C596400A2D7FB /* LoadingError.swift */ = {isa = PBXFileReference; lastKnownFileType = sourcecode.swift; path = LoadingError.swift; sourceTree = "<group>"; };
		4443155E265C9EE000C99713 /* AcronymMeaningFinderViewController.swift */ = {isa = PBXFileReference; lastKnownFileType = sourcecode.swift; path = AcronymMeaningFinderViewController.swift; sourceTree = "<group>"; };
		44431562265C9F3300C99713 /* AcronymMeaningFinderViewModel.swift */ = {isa = PBXFileReference; lastKnownFileType = sourcecode.swift; path = AcronymMeaningFinderViewModel.swift; sourceTree = "<group>"; };
		4443156A265C9FBB00C99713 /* ViewModel.swift */ = {isa = PBXFileReference; lastKnownFileType = sourcecode.swift; path = ViewModel.swift; sourceTree = "<group>"; };
		44431570265CA26500C99713 /* ApiService.swift */ = {isa = PBXFileReference; lastKnownFileType = sourcecode.swift; path = ApiService.swift; sourceTree = "<group>"; };
		44431579265CADDB00C99713 /* jsonTest.json */ = {isa = PBXFileReference; lastKnownFileType = text.json; path = jsonTest.json; sourceTree = "<group>"; };
		4443157D265CAF2900C99713 /* NetworkSessionMock.swift */ = {isa = PBXFileReference; lastKnownFileType = sourcecode.swift; path = NetworkSessionMock.swift; sourceTree = "<group>"; };
		44D38106265B4BB6005AB86B /* Acronyms.app */ = {isa = PBXFileReference; explicitFileType = wrapper.application; includeInIndex = 0; path = Acronyms.app; sourceTree = BUILT_PRODUCTS_DIR; };
		44D38109265B4BB6005AB86B /* AppDelegate.swift */ = {isa = PBXFileReference; lastKnownFileType = sourcecode.swift; path = AppDelegate.swift; sourceTree = "<group>"; };
		44D38112265B4BB9005AB86B /* Assets.xcassets */ = {isa = PBXFileReference; lastKnownFileType = folder.assetcatalog; path = Assets.xcassets; sourceTree = "<group>"; };
		44D38115265B4BB9005AB86B /* Base */ = {isa = PBXFileReference; lastKnownFileType = file.storyboard; name = Base; path = Base.lproj/LaunchScreen.storyboard; sourceTree = "<group>"; };
		44D38117265B4BB9005AB86B /* Info.plist */ = {isa = PBXFileReference; lastKnownFileType = text.plist.xml; path = Info.plist; sourceTree = "<group>"; };
		44D3811C265B4BB9005AB86B /* AcronymsTests.xctest */ = {isa = PBXFileReference; explicitFileType = wrapper.cfbundle; includeInIndex = 0; path = AcronymsTests.xctest; sourceTree = BUILT_PRODUCTS_DIR; };
		44D38120265B4BB9005AB86B /* AcronymsTests.swift */ = {isa = PBXFileReference; lastKnownFileType = sourcecode.swift; path = AcronymsTests.swift; sourceTree = "<group>"; };
		44D38122265B4BB9005AB86B /* Info.plist */ = {isa = PBXFileReference; lastKnownFileType = text.plist.xml; path = Info.plist; sourceTree = "<group>"; };
		44D3814A265B526E005AB86B /* Acromine.swift */ = {isa = PBXFileReference; lastKnownFileType = sourcecode.swift; path = Acromine.swift; sourceTree = "<group>"; };
/* End PBXFileReference section */

/* Begin PBXFrameworksBuildPhase section */
		44D38103265B4BB5005AB86B /* Frameworks */ = {
			isa = PBXFrameworksBuildPhase;
			buildActionMask = 2147483647;
			files = (
			);
			runOnlyForDeploymentPostprocessing = 0;
		};
		44D38119265B4BB9005AB86B /* Frameworks */ = {
			isa = PBXFrameworksBuildPhase;
			buildActionMask = 2147483647;
			files = (
			);
			runOnlyForDeploymentPostprocessing = 0;
		};
/* End PBXFrameworksBuildPhase section */

/* Begin PBXGroup section */
		44192A59265C57CA00A2D7FB /* Utils */ = {
			isa = PBXGroup;
			children = (
				44192A64265C596400A2D7FB /* LoadingError.swift */,
			);
			path = Utils;
			sourceTree = "<group>";
		};
		44431574265CAB7C00C99713 /* View */ = {
			isa = PBXGroup;
			children = (
				4443155E265C9EE000C99713 /* AcronymMeaningFinderViewController.swift */,
			);
			path = View;
			sourceTree = "<group>";
		};
		44431575265CAB8400C99713 /* Model */ = {
			isa = PBXGroup;
			children = (
				44D3814A265B526E005AB86B /* Acromine.swift */,
			);
			path = Model;
			sourceTree = "<group>";
		};
		44431576265CAB8C00C99713 /* ViewModel */ = {
			isa = PBXGroup;
			children = (
				4443156A265C9FBB00C99713 /* ViewModel.swift */,
				44431562265C9F3300C99713 /* AcronymMeaningFinderViewModel.swift */,
			);
			path = ViewModel;
			sourceTree = "<group>";
		};
		44D380FD265B4BB5005AB86B = {
			isa = PBXGroup;
			children = (
				44D38108265B4BB6005AB86B /* Acronyms */,
				44D3811F265B4BB9005AB86B /* AcronymsTests */,
				44D38107265B4BB6005AB86B /* Products */,
			);
			sourceTree = "<group>";
		};
		44D38107265B4BB6005AB86B /* Products */ = {
			isa = PBXGroup;
			children = (
				44D38106265B4BB6005AB86B /* Acronyms.app */,
				44D3811C265B4BB9005AB86B /* AcronymsTests.xctest */,
			);
			name = Products;
			sourceTree = "<group>";
		};
		44D38108265B4BB6005AB86B /* Acronyms */ = {
			isa = PBXGroup;
			children = (
				44D38145265B4EC0005AB86B /* App */,
				44D38146265B4EC6005AB86B /* Home */,
				44D38147265B4ECD005AB86B /* Api */,
				44192A59265C57CA00A2D7FB /* Utils */,
				44D38142265B4E16005AB86B /* Resources */,
			);
			path = Acronyms;
			sourceTree = "<group>";
		};
		44D3811F265B4BB9005AB86B /* AcronymsTests */ = {
			isa = PBXGroup;
			children = (
				44D38120265B4BB9005AB86B /* AcronymsTests.swift */,
				44D38122265B4BB9005AB86B /* Info.plist */,
				44431579265CADDB00C99713 /* jsonTest.json */,
				4443157D265CAF2900C99713 /* NetworkSessionMock.swift */,
			);
			path = AcronymsTests;
			sourceTree = "<group>";
		};
		44D38142265B4E16005AB86B /* Resources */ = {
			isa = PBXGroup;
			children = (
				44D38112265B4BB9005AB86B /* Assets.xcassets */,
				44D38114265B4BB9005AB86B /* LaunchScreen.storyboard */,
				44D38117265B4BB9005AB86B /* Info.plist */,
			);
			path = Resources;
			sourceTree = "<group>";
		};
		44D38145265B4EC0005AB86B /* App */ = {
			isa = PBXGroup;
			children = (
				44D38109265B4BB6005AB86B /* AppDelegate.swift */,
			);
			path = App;
			sourceTree = "<group>";
		};
		44D38146265B4EC6005AB86B /* Home */ = {
			isa = PBXGroup;
			children = (
				44431574265CAB7C00C99713 /* View */,
				44431576265CAB8C00C99713 /* ViewModel */,
				44431575265CAB8400C99713 /* Model */,
			);
			path = Home;
			sourceTree = "<group>";
		};
		44D38147265B4ECD005AB86B /* Api */ = {
			isa = PBXGroup;
			children = (
				44431570265CA26500C99713 /* ApiService.swift */,
				44192A60265C58DA00A2D7FB /* RequestToken.swift */,
			);
			path = Api;
			sourceTree = "<group>";
		};
/* End PBXGroup section */

/* Begin PBXNativeTarget section */
		44D38105265B4BB5005AB86B /* Acronyms */ = {
			isa = PBXNativeTarget;
			buildConfigurationList = 44D38130265B4BB9005AB86B /* Build configuration list for PBXNativeTarget "Acronyms" */;
			buildPhases = (
				44D38102265B4BB5005AB86B /* Sources */,
				44D38103265B4BB5005AB86B /* Frameworks */,
				44D38104265B4BB5005AB86B /* Resources */,
			);
			buildRules = (
			);
			dependencies = (
			);
			name = Acronyms;
			productName = Acronyms;
			productReference = 44D38106265B4BB6005AB86B /* Acronyms.app */;
			productType = "com.apple.product-type.application";
		};
		44D3811B265B4BB9005AB86B /* AcronymsTests */ = {
			isa = PBXNativeTarget;
			buildConfigurationList = 44D38133265B4BB9005AB86B /* Build configuration list for PBXNativeTarget "AcronymsTests" */;
			buildPhases = (
				44D38118265B4BB9005AB86B /* Sources */,
				44D38119265B4BB9005AB86B /* Frameworks */,
				44D3811A265B4BB9005AB86B /* Resources */,
			);
			buildRules = (
			);
			dependencies = (
				44D3811E265B4BB9005AB86B /* PBXTargetDependency */,
			);
			name = AcronymsTests;
			productName = AcronymsTests;
			productReference = 44D3811C265B4BB9005AB86B /* AcronymsTests.xctest */;
			productType = "com.apple.product-type.bundle.unit-test";
		};
/* End PBXNativeTarget section */

/* Begin PBXProject section */
		44D380FE265B4BB5005AB86B /* Project object */ = {
			isa = PBXProject;
			attributes = {
				LastSwiftUpdateCheck = 1220;
				LastUpgradeCheck = 1220;
				TargetAttributes = {
					44D38105265B4BB5005AB86B = {
						CreatedOnToolsVersion = 12.2;
					};
					44D3811B265B4BB9005AB86B = {
						CreatedOnToolsVersion = 12.2;
						TestTargetID = 44D38105265B4BB5005AB86B;
					};
				};
			};
			buildConfigurationList = 44D38101265B4BB5005AB86B /* Build configuration list for PBXProject "Acronyms" */;
			compatibilityVersion = "Xcode 9.3";
			developmentRegion = en;
			hasScannedForEncodings = 0;
			knownRegions = (
				en,
				Base,
			);
			mainGroup = 44D380FD265B4BB5005AB86B;
			productRefGroup = 44D38107265B4BB6005AB86B /* Products */;
			projectDirPath = "";
			projectRoot = "";
			targets = (
				44D38105265B4BB5005AB86B /* Acronyms */,
				44D3811B265B4BB9005AB86B /* AcronymsTests */,
			);
		};
/* End PBXProject section */

/* Begin PBXResourcesBuildPhase section */
		44D38104265B4BB5005AB86B /* Resources */ = {
			isa = PBXResourcesBuildPhase;
			buildActionMask = 2147483647;
			files = (
				44D38116265B4BB9005AB86B /* LaunchScreen.storyboard in Resources */,
				44D38113265B4BB9005AB86B /* Assets.xcassets in Resources */,
			);
			runOnlyForDeploymentPostprocessing = 0;
		};
		44D3811A265B4BB9005AB86B /* Resources */ = {
			isa = PBXResourcesBuildPhase;
			buildActionMask = 2147483647;
			files = (
				4443157A265CADDB00C99713 /* jsonTest.json in Resources */,
			);
			runOnlyForDeploymentPostprocessing = 0;
		};
/* End PBXResourcesBuildPhase section */

/* Begin PBXSourcesBuildPhase section */
		44D38102265B4BB5005AB86B /* Sources */ = {
			isa = PBXSourcesBuildPhase;
			buildActionMask = 2147483647;
			files = (
				44D3814B265B526E005AB86B /* Acromine.swift in Sources */,
				44192A61265C58DA00A2D7FB /* RequestToken.swift in Sources */,
				44431563265C9F3300C99713 /* AcronymMeaningFinderViewModel.swift in Sources */,
				44192A65265C596400A2D7FB /* LoadingError.swift in Sources */,
				4443155F265C9EE000C99713 /* AcronymMeaningFinderViewController.swift in Sources */,
				44D3810A265B4BB6005AB86B /* AppDelegate.swift in Sources */,
				44431571265CA26500C99713 /* ApiService.swift in Sources */,
				4443156B265C9FBB00C99713 /* ViewModel.swift in Sources */,
			);
			runOnlyForDeploymentPostprocessing = 0;
		};
		44D38118265B4BB9005AB86B /* Sources */ = {
			isa = PBXSourcesBuildPhase;
			buildActionMask = 2147483647;
			files = (
				44D38121265B4BB9005AB86B /* AcronymsTests.swift in Sources */,
				44431587265CB67800C99713 /* Acromine.swift in Sources */,
				4443157E265CAF2900C99713 /* NetworkSessionMock.swift in Sources */,
				4443158A265CB68F00C99713 /* LoadingError.swift in Sources */,
				44431581265CAF4E00C99713 /* ApiService.swift in Sources */,
				44431584265CB67200C99713 /* RequestToken.swift in Sources */,
			);
			runOnlyForDeploymentPostprocessing = 0;
		};
/* End PBXSourcesBuildPhase section */

/* Begin PBXTargetDependency section */
		44D3811E265B4BB9005AB86B /* PBXTargetDependency */ = {
			isa = PBXTargetDependency;
			target = 44D38105265B4BB5005AB86B /* Acronyms */;
			targetProxy = 44D3811D265B4BB9005AB86B /* PBXContainerItemProxy */;
		};
/* End PBXTargetDependency section */

/* Begin PBXVariantGroup section */
		44D38114265B4BB9005AB86B /* LaunchScreen.storyboard */ = {
			isa = PBXVariantGroup;
			children = (
				44D38115265B4BB9005AB86B /* Base */,
			);
			name = LaunchScreen.storyboard;
			sourceTree = "<group>";
		};
/* End PBXVariantGroup section */

/* Begin XCBuildConfiguration section */
		44D3812E265B4BB9005AB86B /* Debug */ = {
			isa = XCBuildConfiguration;
			buildSettings = {
				ALWAYS_SEARCH_USER_PATHS = NO;
				CLANG_ANALYZER_NONNULL = YES;
				CLANG_ANALYZER_NUMBER_OBJECT_CONVERSION = YES_AGGRESSIVE;
				CLANG_CXX_LANGUAGE_STANDARD = "gnu++14";
				CLANG_CXX_LIBRARY = "libc++";
				CLANG_ENABLE_MODULES = YES;
				CLANG_ENABLE_OBJC_ARC = YES;
				CLANG_ENABLE_OBJC_WEAK = YES;
				CLANG_WARN_BLOCK_CAPTURE_AUTORELEASING = YES;
				CLANG_WARN_BOOL_CONVERSION = YES;
				CLANG_WARN_COMMA = YES;
				CLANG_WARN_CONSTANT_CONVERSION = YES;
				CLANG_WARN_DEPRECATED_OBJC_IMPLEMENTATIONS = YES;
				CLANG_WARN_DIRECT_OBJC_ISA_USAGE = YES_ERROR;
				CLANG_WARN_DOCUMENTATION_COMMENTS = YES;
				CLANG_WARN_EMPTY_BODY = YES;
				CLANG_WARN_ENUM_CONVERSION = YES;
				CLANG_WARN_INFINITE_RECURSION = YES;
				CLANG_WARN_INT_CONVERSION = YES;
				CLANG_WARN_NON_LITERAL_NULL_CONVERSION = YES;
				CLANG_WARN_OBJC_IMPLICIT_RETAIN_SELF = YES;
				CLANG_WARN_OBJC_LITERAL_CONVERSION = YES;
				CLANG_WARN_OBJC_ROOT_CLASS = YES_ERROR;
				CLANG_WARN_QUOTED_INCLUDE_IN_FRAMEWORK_HEADER = YES;
				CLANG_WARN_RANGE_LOOP_ANALYSIS = YES;
				CLANG_WARN_STRICT_PROTOTYPES = YES;
				CLANG_WARN_SUSPICIOUS_MOVE = YES;
				CLANG_WARN_UNGUARDED_AVAILABILITY = YES_AGGRESSIVE;
				CLANG_WARN_UNREACHABLE_CODE = YES;
				CLANG_WARN__DUPLICATE_METHOD_MATCH = YES;
				COPY_PHASE_STRIP = NO;
				DEBUG_INFORMATION_FORMAT = dwarf;
				ENABLE_STRICT_OBJC_MSGSEND = YES;
				ENABLE_TESTABILITY = YES;
				GCC_C_LANGUAGE_STANDARD = gnu11;
				GCC_DYNAMIC_NO_PIC = NO;
				GCC_NO_COMMON_BLOCKS = YES;
				GCC_OPTIMIZATION_LEVEL = 0;
				GCC_PREPROCESSOR_DEFINITIONS = (
					"DEBUG=1",
					"$(inherited)",
				);
				GCC_WARN_64_TO_32_BIT_CONVERSION = YES;
				GCC_WARN_ABOUT_RETURN_TYPE = YES_ERROR;
				GCC_WARN_UNDECLARED_SELECTOR = YES;
				GCC_WARN_UNINITIALIZED_AUTOS = YES_AGGRESSIVE;
				GCC_WARN_UNUSED_FUNCTION = YES;
				GCC_WARN_UNUSED_VARIABLE = YES;
				IPHONEOS_DEPLOYMENT_TARGET = 14.2;
				MTL_ENABLE_DEBUG_INFO = INCLUDE_SOURCE;
				MTL_FAST_MATH = YES;
				ONLY_ACTIVE_ARCH = YES;
				SDKROOT = iphoneos;
				SWIFT_ACTIVE_COMPILATION_CONDITIONS = DEBUG;
				SWIFT_OPTIMIZATION_LEVEL = "-Onone";
			};
			name = Debug;
		};
		44D3812F265B4BB9005AB86B /* Release */ = {
			isa = XCBuildConfiguration;
			buildSettings = {
				ALWAYS_SEARCH_USER_PATHS = NO;
				CLANG_ANALYZER_NONNULL = YES;
				CLANG_ANALYZER_NUMBER_OBJECT_CONVERSION = YES_AGGRESSIVE;
				CLANG_CXX_LANGUAGE_STANDARD = "gnu++14";
				CLANG_CXX_LIBRARY = "libc++";
				CLANG_ENABLE_MODULES = YES;
				CLANG_ENABLE_OBJC_ARC = YES;
				CLANG_ENABLE_OBJC_WEAK = YES;
				CLANG_WARN_BLOCK_CAPTURE_AUTORELEASING = YES;
				CLANG_WARN_BOOL_CONVERSION = YES;
				CLANG_WARN_COMMA = YES;
				CLANG_WARN_CONSTANT_CONVERSION = YES;
				CLANG_WARN_DEPRECATED_OBJC_IMPLEMENTATIONS = YES;
				CLANG_WARN_DIRECT_OBJC_ISA_USAGE = YES_ERROR;
				CLANG_WARN_DOCUMENTATION_COMMENTS = YES;
				CLANG_WARN_EMPTY_BODY = YES;
				CLANG_WARN_ENUM_CONVERSION = YES;
				CLANG_WARN_INFINITE_RECURSION = YES;
				CLANG_WARN_INT_CONVERSION = YES;
				CLANG_WARN_NON_LITERAL_NULL_CONVERSION = YES;
				CLANG_WARN_OBJC_IMPLICIT_RETAIN_SELF = YES;
				CLANG_WARN_OBJC_LITERAL_CONVERSION = YES;
				CLANG_WARN_OBJC_ROOT_CLASS = YES_ERROR;
				CLANG_WARN_QUOTED_INCLUDE_IN_FRAMEWORK_HEADER = YES;
				CLANG_WARN_RANGE_LOOP_ANALYSIS = YES;
				CLANG_WARN_STRICT_PROTOTYPES = YES;
				CLANG_WARN_SUSPICIOUS_MOVE = YES;
				CLANG_WARN_UNGUARDED_AVAILABILITY = YES_AGGRESSIVE;
				CLANG_WARN_UNREACHABLE_CODE = YES;
				CLANG_WARN__DUPLICATE_METHOD_MATCH = YES;
				COPY_PHASE_STRIP = NO;
				DEBUG_INFORMATION_FORMAT = "dwarf-with-dsym";
				ENABLE_NS_ASSERTIONS = NO;
				ENABLE_STRICT_OBJC_MSGSEND = YES;
				GCC_C_LANGUAGE_STANDARD = gnu11;
				GCC_NO_COMMON_BLOCKS = YES;
				GCC_WARN_64_TO_32_BIT_CONVERSION = YES;
				GCC_WARN_ABOUT_RETURN_TYPE = YES_ERROR;
				GCC_WARN_UNDECLARED_SELECTOR = YES;
				GCC_WARN_UNINITIALIZED_AUTOS = YES_AGGRESSIVE;
				GCC_WARN_UNUSED_FUNCTION = YES;
				GCC_WARN_UNUSED_VARIABLE = YES;
				IPHONEOS_DEPLOYMENT_TARGET = 14.2;
				MTL_ENABLE_DEBUG_INFO = NO;
				MTL_FAST_MATH = YES;
				SDKROOT = iphoneos;
				SWIFT_COMPILATION_MODE = wholemodule;
				SWIFT_OPTIMIZATION_LEVEL = "-O";
				VALIDATE_PRODUCT = YES;
			};
			name = Release;
		};
		44D38131265B4BB9005AB86B /* Debug */ = {
			isa = XCBuildConfiguration;
			buildSettings = {
				ASSETCATALOG_COMPILER_APPICON_NAME = AppIcon;
				ASSETCATALOG_COMPILER_GLOBAL_ACCENT_COLOR_NAME = AccentColor;
				CODE_SIGN_STYLE = Automatic;
				INFOPLIST_FILE = Acronyms/Resources/Info.plist;
				IPHONEOS_DEPLOYMENT_TARGET = 13.0;
				LD_RUNPATH_SEARCH_PATHS = (
					"$(inherited)",
					"@executable_path/Frameworks",
				);
				PRODUCT_BUNDLE_IDENTIFIER = com.velasquez.daniel.Acronyms;
				PRODUCT_NAME = "$(TARGET_NAME)";
				SWIFT_VERSION = 5.0;
				TARGETED_DEVICE_FAMILY = 1;
			};
			name = Debug;
		};
		44D38132265B4BB9005AB86B /* Release */ = {
			isa = XCBuildConfiguration;
			buildSettings = {
				ASSETCATALOG_COMPILER_APPICON_NAME = AppIcon;
				ASSETCATALOG_COMPILER_GLOBAL_ACCENT_COLOR_NAME = AccentColor;
				CODE_SIGN_STYLE = Automatic;
				INFOPLIST_FILE = Acronyms/Resources/Info.plist;
				IPHONEOS_DEPLOYMENT_TARGET = 13.0;
				LD_RUNPATH_SEARCH_PATHS = (
					"$(inherited)",
					"@executable_path/Frameworks",
				);
				PRODUCT_BUNDLE_IDENTIFIER = com.velasquez.daniel.Acronyms;
				PRODUCT_NAME = "$(TARGET_NAME)";
				SWIFT_VERSION = 5.0;
				TARGETED_DEVICE_FAMILY = 1;
			};
			name = Release;
		};
		44D38134265B4BB9005AB86B /* Debug */ = {
			isa = XCBuildConfiguration;
			buildSettings = {
				ALWAYS_EMBED_SWIFT_STANDARD_LIBRARIES = YES;
				BUNDLE_LOADER = "$(TEST_HOST)";
				CODE_SIGN_STYLE = Automatic;
				INFOPLIST_FILE = AcronymsTests/Info.plist;
				IPHONEOS_DEPLOYMENT_TARGET = 14.2;
				LD_RUNPATH_SEARCH_PATHS = (
					"$(inherited)",
					"@executable_path/Frameworks",
					"@loader_path/Frameworks",
				);
				PRODUCT_BUNDLE_IDENTIFIER = com.velasquez.daniel.AcronymsTests;
				PRODUCT_NAME = "$(TARGET_NAME)";
				SWIFT_VERSION = 5.0;
				TARGETED_DEVICE_FAMILY = "1,2";
				TEST_HOST = "$(BUILT_PRODUCTS_DIR)/Acronyms.app/Acronyms";
			};
			name = Debug;
		};
		44D38135265B4BB9005AB86B /* Release */ = {
			isa = XCBuildConfiguration;
			buildSettings = {
				ALWAYS_EMBED_SWIFT_STANDARD_LIBRARIES = YES;
				BUNDLE_LOADER = "$(TEST_HOST)";
				CODE_SIGN_STYLE = Automatic;
				INFOPLIST_FILE = AcronymsTests/Info.plist;
				IPHONEOS_DEPLOYMENT_TARGET = 14.2;
				LD_RUNPATH_SEARCH_PATHS = (
					"$(inherited)",
					"@executable_path/Frameworks",
					"@loader_path/Frameworks",
				);
				PRODUCT_BUNDLE_IDENTIFIER = com.velasquez.daniel.AcronymsTests;
				PRODUCT_NAME = "$(TARGET_NAME)";
				SWIFT_VERSION = 5.0;
				TARGETED_DEVICE_FAMILY = "1,2";
				TEST_HOST = "$(BUILT_PRODUCTS_DIR)/Acronyms.app/Acronyms";
			};
			name = Release;
		};
/* End XCBuildConfiguration section */

/* Begin XCConfigurationList section */
		44D38101265B4BB5005AB86B /* Build configuration list for PBXProject "Acronyms" */ = {
			isa = XCConfigurationList;
			buildConfigurations = (
				44D3812E265B4BB9005AB86B /* Debug */,
				44D3812F265B4BB9005AB86B /* Release */,
			);
			defaultConfigurationIsVisible = 0;
			defaultConfigurationName = Release;
		};
		44D38130265B4BB9005AB86B /* Build configuration list for PBXNativeTarget "Acronyms" */ = {
			isa = XCConfigurationList;
			buildConfigurations = (
				44D38131265B4BB9005AB86B /* Debug */,
				44D38132265B4BB9005AB86B /* Release */,
			);
			defaultConfigurationIsVisible = 0;
			defaultConfigurationName = Release;
		};
		44D38133265B4BB9005AB86B /* Build configuration list for PBXNativeTarget "AcronymsTests" */ = {
			isa = XCConfigurationList;
			buildConfigurations = (
				44D38134265B4BB9005AB86B /* Debug */,
				44D38135265B4BB9005AB86B /* Release */,
			);
			defaultConfigurationIsVisible = 0;
			defaultConfigurationName = Release;
		};
/* End XCConfigurationList section */
	};
	rootObject = 44D380FE265B4BB5005AB86B /* Project object */;
}
